
Microsoft Visual Studio Solution File, Format Version 12.00
# Visual Studio 15
VisualStudioVersion = 15.0.27428.2015
MinimumVisualStudioVersion = 10.0.40219.1
Project("{FAE04EC0-301F-11D3-BF4B-00C04F79EFBC}") = "TolSRC", "TolSRC\TolSRC.csproj", "{48B8008F-8718-4195-A6BD-EC2F72766C1D}"
EndProject
Global
	GlobalSection(SolutionConfigurationPlatforms) = preSolution
		Debug|Any CPU = Debug|Any CPU
		Release|Any CPU = Release|Any CPU
	EndGlobalSection
	GlobalSection(ProjectConfigurationPlatforms) = postSolution
		{48B8008F-8718-4195-A6BD-EC2F72766C1D}.Debug|Any CPU.ActiveCfg = Debug|Any CPU
		{48B8008F-8718-4195-A6BD-EC2F72766C1D}.Debug|Any CPU.Build.0 = Debug|Any CPU
		{48B8008F-8718-4195-A6BD-EC2F72766C1D}.Release|Any CPU.ActiveCfg = Release|Any CPU
		{48B8008F-8718-4195-A6BD-EC2F72766C1D}.Release|Any CPU.Build.0 = Release|Any CPU
	EndGlobalSection
	GlobalSection(SolutionProperties) = preSolution
		HideSolutionNode = FALSE
	EndGlobalSection
	GlobalSection(ExtensibilityGlobals) = postSolution
		SolutionGuid = {6DCDEFA9-2090-4E3B-998D-FEB836B44C9C}
	EndGlobalSection
EndGlobal
